{
  "lockfile_version": "1",
  "packages": {
    "github:NixOS/nixpkgs/nixpkgs-unstable": {
      "last_modified": "2026-01-19T00:39:23Z",
      "resolved": "github:NixOS/nixpkgs/bde09022887110deb780067364a0818e89258968?lastModified=1768783163&narHash=sha256-tLj4KcRDLakrlpvboTJDKsrp6z2XLwyQ4Zmo%2Bw8KsY4%3D"
    },
    "nushell@latest": {
      "last_modified": "2026-01-01T04:40:00Z",
      "resolved": "github:NixOS/nixpkgs/c04833a1e584401bb63c1a63ddc51a71e6aa457a#nushell",
      "source": "devbox-search",
      "version": "0.109.1",
      "systems": {
        "aarch64-darwin": {
          "outputs": [
            {
              "name": "out",
              "path": "/nix/store/2s036lqk99r67ybkp0kanmf9glvy6pxv-nushell-0.109.1",
              "default": true
            }
          ],
          "store_path": "/nix/store/2s036lqk99r67ybkp0kanmf9glvy6pxv-nushell-0.109.1"
        },
        "aarch64-linux": {
          "outputs": [
            {
              "name": "out",
              "path": "/nix/store/bjk4pm5wx70d3kzfsm1dka4wxk3kwg5i-nushell-0.109.1",
              "default": true
            }
          ],
          "store_path": "/nix/store/bjk4pm5wx70d3kzfsm1dka4wxk3kwg5i-nushell-0.109.1"
        },
        "x86_64-darwin": {
          "outputs": [
            {
              "name": "out",
              "path": "/nix/store/c12irvz24a11rr6ipv3asdsa1n2ni9wp-nushell-0.109.1",
              "default": true
            }
          ],
          "store_path": "/nix/store/c12irvz24a11rr6ipv3asdsa1n2ni9wp-nushell-0.109.1"
        },
        "x86_64-linux": {
          "outputs": [
            {
              "name": "out",
              "path": "/nix/store/8sg8hqx1m20lq50sksq9fw4x9g0bxf8x-nushell-0.109.1",
              "default": true
            }
          ],
          "store_path": "/nix/store/8sg8hqx1m20lq50sksq9fw4x9g0bxf8x-nushell-0.109.1"
        }
      }
    }
  }
}
